<?xml version="1.0" encoding="utf-8"?>
<Project ToolsVersion="4.0" xmlns="http://schemas.microsoft.com/developer/msbuild/2003">
  <ItemGroup>
    <Filter Include="Pliki źródłowe">
      <UniqueIdentifier>{4FC737F1-C7A5-4376-A066-2A32D752A2FF}</UniqueIdentifier>
      <Extensions>cpp;c;cc;cxx;c++;def;odl;idl;hpj;bat;asm;asmx</Extensions>
    </Filter>
    <Filter Include="Pliki nagłówkowe">
      <UniqueIdentifier>{93995380-89BD-4b04-88EB-625FBE52EBFB}</UniqueIdentifier>
      <Extensions>h;hh;hpp;hxx;h++;hm;inl;inc;ipp;xsd</Extensions>
    </Filter>
    <Filter Include="Pliki zasobów">
      <UniqueIdentifier>{67DA6AB6-F800-4c08-8B7A-83BB121AAD01}</UniqueIdentifier>
      <Extensions>rc;ico;cur;bmp;dlg;rc2;rct;bin;rgs;gif;jpg;jpeg;jpe;resx;tiff;tif;png;wav;mfcribbon-ms</Extensions>
    </Filter>
    <Filter Include="Pliki źródłowe\Engine">
      <UniqueIdentifier>{18d09054-bf75-44d7-9e7a-021bdc9c7fbf}</UniqueIdentifier>
    </Filter>
    <Filter Include="Pliki źródłowe\States">
      <UniqueIdentifier>{82f314d0-f301-4485-9fcf-2a63c11f9d07}</UniqueIdentifier>
    </Filter>
    <Filter Include="Pliki źródłowe\Elements">
      <UniqueIdentifier>{71dbbd03-c11d-4aca-9fc5-28f79a641ef7}</UniqueIdentifier>
    </Filter>
    <Filter Include="Pliki źródłowe\Map">
      <UniqueIdentifier>{fd6c3dc4-cdf7-4db7-82b2-210376a8d798}</UniqueIdentifier>
    </Filter>
    <Filter Include="Pliki źródłowe\Precompiled Headers">
      <UniqueIdentifier>{ea5ddbdd-8d35-4206-bba0-04bcd8b9390a}</UniqueIdentifier>
    </Filter>
    <Filter Include="Pliki źródłowe\Player">
      <UniqueIdentifier>{a6de127f-6530-481c-aff3-3da36e723c48}</UniqueIdentifier>
    </Filter>
    <Filter Include="Pliki źródłowe\Components">
      <UniqueIdentifier>{c8a49dd0-b32c-4d47-957c-12cd6df4b5c4}</UniqueIdentifier>
    </Filter>
    <Filter Include="Pliki źródłowe\Resources">
      <UniqueIdentifier>{efaefa54-ba00-42e4-b6a6-08afec405c71}</UniqueIdentifier>
    </Filter>
    <Filter Include="Pliki źródłowe\Shotting">
      <UniqueIdentifier>{bb4dd6a1-5512-45b5-963d-bff6f2a8c0a3}</UniqueIdentifier>
    </Filter>
    <Filter Include="Pliki źródłowe\Entity">
      <UniqueIdentifier>{60937ac9-7c5e-4102-8aa5-5b475a713cc4}</UniqueIdentifier>
    </Filter>
    <Filter Include="Pliki źródłowe\Fields">
      <UniqueIdentifier>{58369491-1492-464c-9bcb-0b0c3910e5a3}</UniqueIdentifier>
    </Filter>
  </ItemGroup>
  <ItemGroup>
    <ClCompile Include="main.cpp">
      <Filter>Pliki źródłowe\Engine</Filter>
    </ClCompile>
    <ClCompile Include="engine.cpp">
      <Filter>Pliki źródłowe\Engine</Filter>
    </ClCompile>
    <ClCompile Include="menuState.cpp">
      <Filter>Pliki źródłowe\States</Filter>
    </ClCompile>
    <ClCompile Include="button.cpp">
      <Filter>Pliki źródłowe\Elements</Filter>
    </ClCompile>
    <ClCompile Include="settingsState.cpp">
      <Filter>Pliki źródłowe\States</Filter>
    </ClCompile>
    <ClCompile Include="choiceField.cpp">
      <Filter>Pliki źródłowe\Elements</Filter>
    </ClCompile>
    <ClCompile Include="slideField.cpp">
      <Filter>Pliki źródłowe\Elements</Filter>
    </ClCompile>
    <ClCompile Include="insertField.cpp">
      <Filter>Pliki źródłowe\Elements</Filter>
    </ClCompile>
    <ClCompile Include="stdafx.cpp">
      <Filter>Pliki źródłowe\Precompiled Headers</Filter>
    </ClCompile>
    <ClCompile Include="Tile.cpp">
      <Filter>Pliki źródłowe\Map</Filter>
    </ClCompile>
    <ClCompile Include="GameState.cpp">
      <Filter>Pliki źródłowe\States</Filter>
    </ClCompile>
    <ClCompile Include="editMapState.cpp">
      <Filter>Pliki źródłowe\States</Filter>
    </ClCompile>
    <ClCompile Include="state.cpp">
      <Filter>Pliki źródłowe\States</Filter>
    </ClCompile>
    <ClCompile Include="TileMap.cpp">
      <Filter>Pliki źródłowe\Map</Filter>
    </ClCompile>
    <ClCompile Include="player.cpp">
      <Filter>Pliki źródłowe\Player</Filter>
    </ClCompile>
    <ClCompile Include="movement.cpp">
      <Filter>Pliki źródłowe\Components</Filter>
    </ClCompile>
    <ClCompile Include="animation.cpp">
      <Filter>Pliki źródłowe\Components</Filter>
    </ClCompile>
    <ClCompile Include="hitbox.cpp">
      <Filter>Pliki źródłowe\Components</Filter>
    </ClCompile>
    <ClCompile Include="statistics.cpp">
      <Filter>Pliki źródłowe\Components</Filter>
    </ClCompile>
    <ClCompile Include="playerInfo.cpp">
      <Filter>Pliki źródłowe\Elements</Filter>
    </ClCompile>
    <ClCompile Include="shop.cpp">
      <Filter>Pliki źródłowe\Elements</Filter>
    </ClCompile>
    <ClCompile Include="shopItemRect.cpp">
      <Filter>Pliki źródłowe\Elements</Filter>
    </ClCompile>
    <ClCompile Include="backpack.cpp">
      <Filter>Pliki źródłowe\Elements</Filter>
    </ClCompile>
    <ClCompile Include="itemSlot.cpp">
      <Filter>Pliki źródłowe\Elements</Filter>
    </ClCompile>
    <ClCompile Include="shooting.cpp">
      <Filter>Pliki źródłowe\Shotting</Filter>
    </ClCompile>
    <ClCompile Include="projectile.cpp">
      <Filter>Pliki źródłowe\Shotting</Filter>
    </ClCompile>
    <ClCompile Include="entity.cpp">
      <Filter>Pliki źródłowe\Entity</Filter>
    </ClCompile>
    <ClCompile Include="EntityParameters.cpp">
      <Filter>Pliki źródłowe\Components</Filter>
    </ClCompile>
    <ClCompile Include="entityHerd.cpp">
      <Filter>Pliki źródłowe\Entity</Filter>
    </ClCompile>
    <ClCompile Include="switchField.cpp">
      <Filter>Pliki źródłowe\Fields</Filter>
    </ClCompile>
    <ClCompile Include="selectField.cpp">
      <Filter>Pliki źródłowe\Fields</Filter>
    </ClCompile>
    <ClCompile Include="attack.cpp">
      <Filter>Pliki źródłowe\Components</Filter>
    </ClCompile>
  </ItemGroup>
  <ItemGroup>
    <ClInclude Include="engine.h">
      <Filter>Pliki źródłowe\Engine</Filter>
    </ClInclude>
    <ClInclude Include="menuState.h">
      <Filter>Pliki źródłowe\States</Filter>
    </ClInclude>
    <ClInclude Include="button.h">
      <Filter>Pliki źródłowe\Elements</Filter>
    </ClInclude>
    <ClInclude Include="settingsState.h">
      <Filter>Pliki źródłowe\States</Filter>
    </ClInclude>
    <ClInclude Include="choiceField.h">
      <Filter>Pliki źródłowe\Elements</Filter>
    </ClInclude>
    <ClInclude Include="slideField.h">
      <Filter>Pliki źródłowe\Elements</Filter>
    </ClInclude>
    <ClInclude Include="insertField.h">
      <Filter>Pliki źródłowe\Elements</Filter>
    </ClInclude>
    <ClInclude Include="stdafx.h">
      <Filter>Pliki źródłowe\Precompiled Headers</Filter>
    </ClInclude>
    <ClInclude Include="Tile.h">
      <Filter>Pliki źródłowe\Map</Filter>
    </ClInclude>
    <ClInclude Include="GameState.h">
      <Filter>Pliki źródłowe\States</Filter>
    </ClInclude>
    <ClInclude Include="editMapState.h">
      <Filter>Pliki źródłowe\States</Filter>
    </ClInclude>
    <ClInclude Include="state.h">
      <Filter>Pliki źródłowe\States</Filter>
    </ClInclude>
    <ClInclude Include="TileMap.h">
      <Filter>Pliki źródłowe\Map</Filter>
    </ClInclude>
    <ClInclude Include="player.h">
      <Filter>Pliki źródłowe\Player</Filter>
    </ClInclude>
    <ClInclude Include="movement.h">
      <Filter>Pliki źródłowe\Components</Filter>
    </ClInclude>
    <ClInclude Include="animation.h">
      <Filter>Pliki źródłowe\Components</Filter>
    </ClInclude>
    <ClInclude Include="hitbox.h">
      <Filter>Pliki źródłowe\Components</Filter>
    </ClInclude>
    <ClInclude Include="statistics.h">
      <Filter>Pliki źródłowe\Components</Filter>
    </ClInclude>
    <ClInclude Include="playerInfo.h">
      <Filter>Pliki źródłowe\Elements</Filter>
    </ClInclude>
    <ClInclude Include="shop.h">
      <Filter>Pliki źródłowe\Elements</Filter>
    </ClInclude>
    <ClInclude Include="shopItemRect.h">
      <Filter>Pliki źródłowe\Elements</Filter>
    </ClInclude>
    <ClInclude Include="items.h">
      <Filter>Pliki źródłowe\Resources</Filter>
    </ClInclude>
    <ClInclude Include="backpack.h">
      <Filter>Pliki źródłowe\Elements</Filter>
    </ClInclude>
    <ClInclude Include="itemSlot.h">
      <Filter>Pliki źródłowe\Elements</Filter>
    </ClInclude>
    <ClInclude Include="shooting.h">
      <Filter>Pliki źródłowe\Shotting</Filter>
    </ClInclude>
    <ClInclude Include="projectile.h">
      <Filter>Pliki źródłowe\Shotting</Filter>
    </ClInclude>
    <ClInclude Include="entity.h">
      <Filter>Pliki źródłowe\Entity</Filter>
    </ClInclude>
    <ClInclude Include="EntityParameters.h">
      <Filter>Pliki źródłowe\Components</Filter>
    </ClInclude>
    <ClInclude Include="entityHerd.h">
      <Filter>Pliki źródłowe\Entity</Filter>
    </ClInclude>
    <ClInclude Include="switchField.h">
      <Filter>Pliki źródłowe\Fields</Filter>
    </ClInclude>
    <ClInclude Include="selectField.h">
      <Filter>Pliki źródłowe\Fields</Filter>
    </ClInclude>
    <ClInclude Include="attack.h">
      <Filter>Pliki źródłowe\Components</Filter>
    </ClInclude>
  </ItemGroup>
</Project>